
Microsoft Visual Studio Solution File, Format Version 12.00
# Visual Studio Version 16
VisualStudioVersion = 16.0.31613.86
MinimumVisualStudioVersion = 10.0.40219.1
Project("{FAE04EC0-301F-11D3-BF4B-00C04F79EFBC}") = "Interfaces", "Interfaces\Interfaces.csproj", "{358D4775-AF6E-41FF-9C15-1C49C581541D}"
EndProject
Global
	GlobalSection(SolutionConfigurationPlatforms) = preSolution
		Debug|Any CPU = Debug|Any CPU
		Release|Any CPU = Release|Any CPU
	EndGlobalSection
	GlobalSection(ProjectConfigurationPlatforms) = postSolution
		{358D4775-AF6E-41FF-9C15-1C49C581541D}.Debug|Any CPU.ActiveCfg = Debug|Any CPU
		{358D4775-AF6E-41FF-9C15-1C49C581541D}.Debug|Any CPU.Build.0 = Debug|Any CPU
		{358D4775-AF6E-41FF-9C15-1C49C581541D}.Release|Any CPU.ActiveCfg = Release|Any CPU
		{358D4775-AF6E-41FF-9C15-1C49C581541D}.Release|Any CPU.Build.0 = Release|Any CPU
	EndGlobalSection
	GlobalSection(SolutionProperties) = preSolution
		HideSolutionNode = FALSE
	EndGlobalSection
	GlobalSection(ExtensibilityGlobals) = postSolution
		SolutionGuid = {2F02A7D3-2D01-4381-8F9A-14CB56B5DD3F}
	EndGlobalSection
EndGlobal
